{
  "name": "SQLProject",
  "lockfileVersion": 3,
  "requires": true,
  "packages": {
    "": {
      "dependencies": {
        "@tsparticles/slim": "^3.7.1",
        "@tsparticles/vue3": "^3.0.1"
      }
    },
    "node_modules/@babel/helper-string-parser": {
      "version": "7.25.9",
      "resolved": "https://registry.npmjs.org/@babel/helper-string-parser/-/helper-string-parser-7.25.9.tgz",
      "integrity": "sha512-4A/SCr/2KLd5jrtOMFzaKjVtAei3+2r/NChoBNoZ3EyP/+GlhoaEGoWOZUmFmoITP7zOJyHIMm+DYRd8o3PvHA==",
      "license": "MIT",
      "engines": {
        "node": ">=6.9.0"
      }
    },
    "node_modules/@babel/helper-validator-identifier": {
      "version": "7.25.9",
      "resolved": "https://registry.npmjs.org/@babel/helper-validator-identifier/-/helper-validator-identifier-7.25.9.tgz",
      "integrity": "sha512-Ed61U6XJc3CVRfkERJWDz4dJwKe7iLmmJsbOGu9wSloNSFttHV0I8g6UAgb7qnK5ly5bGLPd4oXZlxCdANBOWQ==",
      "license": "MIT",
      "engines": {
        "node": ">=6.9.0"
      }
    },
    "node_modules/@babel/parser": {
      "version": "7.26.5",
      "resolved": "https://registry.npmjs.org/@babel/parser/-/parser-7.26.5.tgz",
      "integrity": "sha512-SRJ4jYmXRqV1/Xc+TIVG84WjHBXKlxO9sHQnA2Pf12QQEAp1LOh6kDzNHXcUnbH1QI0FDoPPVOt+vyUDucxpaw==",
      "license": "MIT",
      "dependencies": {
        "@babel/types": "^7.26.5"
      },
      "bin": {
        "parser": "bin/babel-parser.js"
      },
      "engines": {
        "node": ">=6.0.0"
      }
    },
    "node_modules/@babel/types": {
      "version": "7.26.5",
      "resolved": "https://registry.npmjs.org/@babel/types/-/types-7.26.5.tgz",
      "integrity": "sha512-L6mZmwFDK6Cjh1nRCLXpa6no13ZIioJDz7mdkzHv399pThrTa/k0nUlNaenOeh2kWu/iaOQYElEpKPUswUa9Vg==",
      "license": "MIT",
      "dependencies": {
        "@babel/helper-string-parser": "^7.25.9",
        "@babel/helper-validator-identifier": "^7.25.9"
      },
      "engines": {
        "node": ">=6.9.0"
      }
    },
    "node_modules/@jridgewell/sourcemap-codec": {
      "version": "1.5.0",
      "resolved": "https://registry.npmjs.org/@jridgewell/sourcemap-codec/-/sourcemap-codec-1.5.0.tgz",
      "integrity": "sha512-gv3ZRaISU3fjPAgNsriBRqGWQL6quFx04YMPW/zD8XMLsU32mhCCbfbO6KZFLjvYpCZ8zyDEgqsgf+PwPaM7GQ==",
      "license": "MIT"
    },
    "node_modules/@tsparticles/basic": {
      "version": "3.7.1",
      "resolved": "https://registry.npmjs.org/@tsparticles/basic/-/basic-3.7.1.tgz",
      "integrity": "sha512-oJMJ3qzYUROYaOEsaFXkVynxT2OTWBXbQ9MNc1bJi/bVc1VOU44VN7X/KmiZjD+w1U+Qalk6BeVvDRwpFshblw==",
      "funding": [
        {
          "type": "github",
          "url": "https://github.com/sponsors/matteobruni"
        },
        {
          "type": "github",
          "url": "https://github.com/sponsors/tsparticles"
        },
        {
          "type": "buymeacoffee",
          "url": "https://www.buymeacoffee.com/matteobruni"
        }
      ],
      "license": "MIT",
      "dependencies": {
        "@tsparticles/engine": "3.7.1",
        "@tsparticles/move-base": "3.7.1",
        "@tsparticles/plugin-hex-color": "3.7.1",
        "@tsparticles/plugin-hsl-color": "3.7.1",
        "@tsparticles/plugin-rgb-color": "3.7.1",
        "@tsparticles/shape-circle": "3.7.1",
        "@tsparticles/updater-color": "3.7.1",
        "@tsparticles/updater-opacity": "3.7.1",
        "@tsparticles/updater-out-modes": "3.7.1",
        "@tsparticles/updater-size": "3.7.1"
      }
    },
    "node_modules/@tsparticles/engine": {
      "version": "3.7.1",
      "resolved": "https://registry.npmjs.org/@tsparticles/engine/-/engine-3.7.1.tgz",
      "integrity": "sha512-GYzBgq/oOE9YJdOL1++MoawWmYg4AvVct6CIrJGx84ZRb3U2owYmLsRGabYl0qX1CWWOvUG569043RJmyp/vQA==",
      "funding": [
        {
          "type": "github",
          "url": "https://github.com/sponsors/matteobruni"
        },
        {
          "type": "github",
          "url": "https://github.com/sponsors/tsparticles"
        },
        {
          "type": "buymeacoffee",
          "url": "https://www.buymeacoffee.com/matteobruni"
        }
      ],
      "hasInstallScript": true,
      "license": "MIT"
    },
    "node_modules/@tsparticles/interaction-external-attract": {
      "version": "3.7.1",
      "resolved": "https://registry.npmjs.org/@tsparticles/interaction-external-attract/-/interaction-external-attract-3.7.1.tgz",
      "integrity": "sha512-cpnMsFJ7ZJNKccpQvskKvSs1ofknByHE6FGqbEb17ij7HqvbECQOCOVKHPFnYipHe14cXor/Cd+nVisRcTASoQ==",
      "license": "MIT",
      "dependencies": {
        "@tsparticles/engine": "3.7.1"
      }
    },
    "node_modules/@tsparticles/interaction-external-bounce": {
      "version": "3.7.1",
      "resolved": "https://registry.npmjs.org/@tsparticles/interaction-external-bounce/-/interaction-external-bounce-3.7.1.tgz",
      "integrity": "sha512-npvU9Qt6WDonjezHqi+hWM44ga2Oh5yXdr8eSoJpvuHZrCP7rIdRSz5XseHouO1bMS9DbXk86sx4qwrhB5w58w==",
      "license": "MIT",
      "dependencies": {
        "@tsparticles/engine": "3.7.1"
      }
    },
    "node_modules/@tsparticles/interaction-external-bubble": {
      "version": "3.7.1",
      "resolved": "https://registry.npmjs.org/@tsparticles/interaction-external-bubble/-/interaction-external-bubble-3.7.1.tgz",
      "integrity": "sha512-WdbYL46lMfuf2g5kfVB1hhhxRBtEXDvnwz8PJwLKurSThL/27bqsqysyXsMzXtLByXUneGhtJTj4D5I5RYdgjA==",
      "license": "MIT",
      "dependencies": {
        "@tsparticles/engine": "3.7.1"
      }
    },
    "node_modules/@tsparticles/interaction-external-connect": {
      "version": "3.7.1",
      "resolved": "https://registry.npmjs.org/@tsparticles/interaction-external-connect/-/interaction-external-connect-3.7.1.tgz",
      "integrity": "sha512-hqx0ANIbjLIz/nxmk0LvqANBiNLLmVybbCA7N+xDHtEORvpKjNlKEvMz6Razocl6vRjoHZ/olSwcxIG84dh/cg==",
      "license": "MIT",
      "dependencies": {
        "@tsparticles/engine": "3.7.1"
      }
    },
    "node_modules/@tsparticles/interaction-external-grab": {
      "version": "3.7.1",
      "resolved": "https://registry.npmjs.org/@tsparticles/interaction-external-grab/-/interaction-external-grab-3.7.1.tgz",
      "integrity": "sha512-JMYpFW+7YvkpK5MYlt4Ec3Gwb5ZxS7RLVL8IRUSd5yJOw25husPTYg+FQywxrt5WhKe+tPsCAYo+uGIbTTHi9w==",
      "license": "MIT",
      "dependencies": {
        "@tsparticles/engine": "3.7.1"
      }
    },
    "node_modules/@tsparticles/interaction-external-pause": {
      "version": "3.7.1",
      "resolved": "https://registry.npmjs.org/@tsparticles/interaction-external-pause/-/interaction-external-pause-3.7.1.tgz",
      "integrity": "sha512-Kkp+7sCe24hawH0XvS1V6UCCuHfMvpLK7oseqSam9Gt4SyGrFvaqIXxkjXhRhn9MysJyKFPBV4/dtBM1HR9p6A==",
      "license": "MIT",
      "dependencies": {
        "@tsparticles/engine": "3.7.1"
      }
    },
    "node_modules/@tsparticles/interaction-external-push": {
      "version": "3.7.1",
      "resolved": "https://registry.npmjs.org/@tsparticles/interaction-external-push/-/interaction-external-push-3.7.1.tgz",
      "integrity": "sha512-4VoaR5jvXgQdB7irtq4uSZYr5c+D6TBTVEnLVpBfJhUs6jhw6mgN5g7yp5izIYkK0AlcO431MHn8dvJacvRLDw==",
      "license": "MIT",
      "dependencies": {
        "@tsparticles/engine": "3.7.1"
      }
    },
    "node_modules/@tsparticles/interaction-external-remove": {
      "version": "3.7.1",
      "resolved": "https://registry.npmjs.org/@tsparticles/interaction-external-remove/-/interaction-external-remove-3.7.1.tgz",
      "integrity": "sha512-FRBW7U7zD5MkO6/b7e8iSMk/UTtRLY2XiIVFZNsKri3Re3yPpvZzzd5tl2YlYGQlg1Xc+K8SJYMQQA3PtgQ/Tg==",
      "license": "MIT",
      "dependencies": {
        "@tsparticles/engine": "3.7.1"
      }
    },
    "node_modules/@tsparticles/interaction-external-repulse": {
      "version": "3.7.1",
      "resolved": "https://registry.npmjs.org/@tsparticles/interaction-external-repulse/-/interaction-external-repulse-3.7.1.tgz",
      "integrity": "sha512-mwM06dVmg2FEvHMQsPOfRBQWACbjf3qnelODkqI9DSVxQ0B8DESP4BYNXyraFGYv00YiPzRv5Xy/uejHdbsQUA==",
      "license": "MIT",
      "dependencies": {
        "@tsparticles/engine": "3.7.1"
      }
    },
    "node_modules/@tsparticles/interaction-external-slow": {
      "version": "3.7.1",
      "resolved": "https://registry.npmjs.org/@tsparticles/interaction-external-slow/-/interaction-external-slow-3.7.1.tgz",
      "integrity": "sha512-CfCAs3kUQC3pLOj0dbzn5AolQyBHgjxORLdfnYBhepvFV1BXB+4ytChRfXBzjykBPI6U+rCnw5Fk/vVjAroSFA==",
      "license": "MIT",
      "dependencies": {
        "@tsparticles/engine": "3.7.1"
      }
    },
    "node_modules/@tsparticles/interaction-particles-attract": {
      "version": "3.7.1",
      "resolved": "https://registry.npmjs.org/@tsparticles/interaction-particles-attract/-/interaction-particles-attract-3.7.1.tgz",
      "integrity": "sha512-UABbBORKaiItAT8vR0t4ye2H3VE6/Ah4zcylBlnq0Jd5yDkyP4rnkwhicaY6y4Zlfwyx+0PWdAC4f/ziFAyObg==",
      "license": "MIT",
      "dependencies": {
        "@tsparticles/engine": "3.7.1"
      }
    },
    "node_modules/@tsparticles/interaction-particles-collisions": {
      "version": "3.7.1",
      "resolved": "https://registry.npmjs.org/@tsparticles/interaction-particles-collisions/-/interaction-particles-collisions-3.7.1.tgz",
      "integrity": "sha512-0GY9++Gn2KXViyeifXWkH7a2UO5+uRwyS1rDeTN8eleyiq2j9zQf4xztZEIft8T0hTetq2rkWxQ92j2kev6NVA==",
      "license": "MIT",
      "dependencies": {
        "@tsparticles/engine": "3.7.1"
      }
    },
    "node_modules/@tsparticles/interaction-particles-links": {
      "version": "3.7.1",
      "resolved": "https://registry.npmjs.org/@tsparticles/interaction-particles-links/-/interaction-particles-links-3.7.1.tgz",
      "integrity": "sha512-BxCXAAOBNmEvlyOQzwprryW8YdtMIop2v4kgSCff5MCtDwYWoQIfzaQlWbBAkD9ey6BoF8iMjhBUaY1MnDecTA==",
      "license": "MIT",
      "dependencies": {
        "@tsparticles/engine": "3.7.1"
      }
    },
    "node_modules/@tsparticles/move-base": {
      "version": "3.7.1",
      "resolved": "https://registry.npmjs.org/@tsparticles/move-base/-/move-base-3.7.1.tgz",
      "integrity": "sha512-LPtMHwJHhzwfRIcSAk814fY9NcRiICwaEbapaJSYyP1DwscSXqOWoyAEWwzV9hMgAcPdsED6nGeg8RCXGm58lw==",
      "license": "MIT",
      "dependencies": {
        "@tsparticles/engine": "3.7.1"
      }
    },
    "node_modules/@tsparticles/move-parallax": {
      "version": "3.7.1",
      "resolved": "https://registry.npmjs.org/@tsparticles/move-parallax/-/move-parallax-3.7.1.tgz",
      "integrity": "sha512-B40azo6EJyMdI+kmIxpqWDaObPwODTYLDCikzkZ73n5tS6OhFUlkz81Scfo+g1iGTdryKFygUKhVGcG1EFuA5g==",
      "license": "MIT",
      "dependencies": {
        "@tsparticles/engine": "3.7.1"
      }
    },
    "node_modules/@tsparticles/plugin-easing-quad": {
      "version": "3.7.1",
      "resolved": "https://registry.npmjs.org/@tsparticles/plugin-easing-quad/-/plugin-easing-quad-3.7.1.tgz",
      "integrity": "sha512-nSwKCRe6C/noCi3dyZlm1GiQGask0aXdWDuS36b82iwzwQ01cBTXeXR25mLr4fsfMLFfYAZXyBxEMMpw3rkSiw==",
      "funding": [
        {
          "type": "github",
          "url": "https://github.com/sponsors/matteobruni"
        },
        {
          "type": "github",
          "url": "https://github.com/sponsors/tsparticles"
        },
        {
          "type": "buymeacoffee",
          "url": "https://www.buymeacoffee.com/matteobruni"
        }
      ],
      "license": "MIT",
      "dependencies": {
        "@tsparticles/engine": "3.7.1"
      }
    },
    "node_modules/@tsparticles/plugin-hex-color": {
      "version": "3.7.1",
      "resolved": "https://registry.npmjs.org/@tsparticles/plugin-hex-color/-/plugin-hex-color-3.7.1.tgz",
      "integrity": "sha512-7xu3MV8EdNNejjYyEmrq5fCDdYAcqz/9VatLpnwtwR5Q5t2qI0tD4CrcGaFfC/rTAVJacfiJe02UV/hlj03KKA==",
      "funding": [
        {
          "type": "github",
          "url": "https://github.com/sponsors/matteobruni"
        },
        {
          "type": "github",
          "url": "https://github.com/sponsors/tsparticles"
        },
        {
          "type": "buymeacoffee",
          "url": "https://www.buymeacoffee.com/matteobruni"
        }
      ],
      "license": "MIT",
      "dependencies": {
        "@tsparticles/engine": "3.7.1"
      }
    },
    "node_modules/@tsparticles/plugin-hsl-color": {
      "version": "3.7.1",
      "resolved": "https://registry.npmjs.org/@tsparticles/plugin-hsl-color/-/plugin-hsl-color-3.7.1.tgz",
      "integrity": "sha512-zzAI1CuoCMBJhgeYZ5Rq42nGbPg35ZzIs11eQegjsWG5Msm5QKSj60qPzERnoUcCc4HCKtIWP7rYMz6h3xpoEg==",
      "funding": [
        {
          "type": "github",
          "url": "https://github.com/sponsors/matteobruni"
        },
        {
          "type": "github",
          "url": "https://github.com/sponsors/tsparticles"
        },
        {
          "type": "buymeacoffee",
          "url": "https://www.buymeacoffee.com/matteobruni"
        }
      ],
      "license": "MIT",
      "dependencies": {
        "@tsparticles/engine": "3.7.1"
      }
    },
    "node_modules/@tsparticles/plugin-rgb-color": {
      "version": "3.7.1",
      "resolved": "https://registry.npmjs.org/@tsparticles/plugin-rgb-color/-/plugin-rgb-color-3.7.1.tgz",
      "integrity": "sha512-taEraTpCYR6jpjflqBL95tN0zFU8JrAChXTt8mxVn7gddxoNMHI/LGymEPRCweLukwV6GQyAGOkeGEdWDPtYTA==",
      "funding": [
        {
          "type": "github",
          "url": "https://github.com/sponsors/matteobruni"
        },
        {
          "type": "github",
          "url": "https://github.com/sponsors/tsparticles"
        },
        {
          "type": "buymeacoffee",
          "url": "https://www.buymeacoffee.com/matteobruni"
        }
      ],
      "license": "MIT",
      "dependencies": {
        "@tsparticles/engine": "3.7.1"
      }
    },
    "node_modules/@tsparticles/shape-circle": {
      "version": "3.7.1",
      "resolved": "https://registry.npmjs.org/@tsparticles/shape-circle/-/shape-circle-3.7.1.tgz",
      "integrity": "sha512-kmOWaUuFwuTtcCFYjuyJbdA5qDqWdGsharLalYnIczkLu2c1I8jJo/OmGePKhWn62ocu7mqKMomfElkIcw2AsA==",
      "license": "MIT",
      "dependencies": {
        "@tsparticles/engine": "3.7.1"
      }
    },
    "node_modules/@tsparticles/shape-emoji": {
      "version": "3.7.1",
      "resolved": "https://registry.npmjs.org/@tsparticles/shape-emoji/-/shape-emoji-3.7.1.tgz",
      "integrity": "sha512-mX18c/xhYVljS/r5Xbowzclw+1YwhtWoQFOOfkmjjZppA+RjgcwSKLvH6E20PaH1yVTjBOfSF+3POKpwsULzTg==",
      "license": "MIT",
      "dependencies": {
        "@tsparticles/engine": "3.7.1"
      }
    },
    "node_modules/@tsparticles/shape-image": {
      "version": "3.7.1",
      "resolved": "https://registry.npmjs.org/@tsparticles/shape-image/-/shape-image-3.7.1.tgz",
      "integrity": "sha512-eDzfkQhqLY6fb9QH2Vo9TGfdJBFFpYnojhxQxc7IdzIwOFMD3JK4B52RVl9oowR+rNE8dNp6P2L+eMAF4yld0g==",
      "license": "MIT",
      "dependencies": {
        "@tsparticles/engine": "3.7.1"
      }
    },
    "node_modules/@tsparticles/shape-line": {
      "version": "3.7.1",
      "resolved": "https://registry.npmjs.org/@tsparticles/shape-line/-/shape-line-3.7.1.tgz",
      "integrity": "sha512-lMPYApUpg7avxmYPfHHr4dQepZSNn/g0Q1/g2+lnTi8ZtUBiCZ2WMVy9R3GOzyozbnzigLQ6AJRnOpsUZV7H4g==",
      "license": "MIT",
      "dependencies": {
        "@tsparticles/engine": "3.7.1"
      }
    },
    "node_modules/@tsparticles/shape-polygon": {
      "version": "3.7.1",
      "resolved": "https://registry.npmjs.org/@tsparticles/shape-polygon/-/shape-polygon-3.7.1.tgz",
      "integrity": "sha512-5FrRfpYC3qnvV2nXBLE4Q0v+SMNWJO8xgzh6MBFwfptvqH4EOrqc/58eS5x0jlf+evwf9LjPgeGkOTcwaHHcYQ==",
      "license": "MIT",
      "dependencies": {
        "@tsparticles/engine": "3.7.1"
      }
    },
    "node_modules/@tsparticles/shape-square": {
      "version": "3.7.1",
      "resolved": "https://registry.npmjs.org/@tsparticles/shape-square/-/shape-square-3.7.1.tgz",
      "integrity": "sha512-7VCqbRwinjBZ+Ryme27rOtl+jKrET8qDthqZLrAoj3WONBqyt+R9q6SXAJ9WodqEX68IBvcluqbFY5qDZm8iAQ==",
      "license": "MIT",
      "dependencies": {
        "@tsparticles/engine": "3.7.1"
      }
    },
    "node_modules/@tsparticles/shape-star": {
      "version": "3.7.1",
      "resolved": "https://registry.npmjs.org/@tsparticles/shape-star/-/shape-star-3.7.1.tgz",
      "integrity": "sha512-3G4oipioyWKLEQYT11Sx3k6AObu3dbv/A5LRqGGTQm5IR6UACa+INwykZYI0a+MdJJMb83E0e4Fn3hlZbi0/8w==",
      "license": "MIT",
      "dependencies": {
        "@tsparticles/engine": "3.7.1"
      }
    },
    "node_modules/@tsparticles/slim": {
      "version": "3.7.1",
      "resolved": "https://registry.npmjs.org/@tsparticles/slim/-/slim-3.7.1.tgz",
      "integrity": "sha512-OtJEhud2KleX7OxiG2r/VYriHNIwTpFm3sPFy4EOJzAD0EW7KZoKXGpGn5gwGI1NWeB0jso92yNTrTC2ZTW0qw==",
      "funding": [
        {
          "type": "github",
          "url": "https://github.com/sponsors/matteobruni"
        },
        {
          "type": "github",
          "url": "https://github.com/sponsors/tsparticles"
        },
        {
          "type": "buymeacoffee",
          "url": "https://www.buymeacoffee.com/matteobruni"
        }
      ],
      "license": "MIT",
      "dependencies": {
        "@tsparticles/basic": "3.7.1",
        "@tsparticles/engine": "3.7.1",
        "@tsparticles/interaction-external-attract": "3.7.1",
        "@tsparticles/interaction-external-bounce": "3.7.1",
        "@tsparticles/interaction-external-bubble": "3.7.1",
        "@tsparticles/interaction-external-connect": "3.7.1",
        "@tsparticles/interaction-external-grab": "3.7.1",
        "@tsparticles/interaction-external-pause": "3.7.1",
        "@tsparticles/interaction-external-push": "3.7.1",
        "@tsparticles/interaction-external-remove": "3.7.1",
        "@tsparticles/interaction-external-repulse": "3.7.1",
        "@tsparticles/interaction-external-slow": "3.7.1",
        "@tsparticles/interaction-particles-attract": "3.7.1",
        "@tsparticles/interaction-particles-collisions": "3.7.1",
        "@tsparticles/interaction-particles-links": "3.7.1",
        "@tsparticles/move-parallax": "3.7.1",
        "@tsparticles/plugin-easing-quad": "3.7.1",
        "@tsparticles/shape-emoji": "3.7.1",
        "@tsparticles/shape-image": "3.7.1",
        "@tsparticles/shape-line": "3.7.1",
        "@tsparticles/shape-polygon": "3.7.1",
        "@tsparticles/shape-square": "3.7.1",
        "@tsparticles/shape-star": "3.7.1",
        "@tsparticles/updater-life": "3.7.1",
        "@tsparticles/updater-rotate": "3.7.1",
        "@tsparticles/updater-stroke-color": "3.7.1"
      }
    },
    "node_modules/@tsparticles/updater-color": {
      "version": "3.7.1",
      "resolved": "https://registry.npmjs.org/@tsparticles/updater-color/-/updater-color-3.7.1.tgz",
      "integrity": "sha512-QimV3yn17dcdJx7PpTwLtw9BhkQ0q8qFF035OdcZpnynBPAO/hg0zvSMpMGoeuDVFH02wWBy4h2/BYCv6wh6Sw==",
      "license": "MIT",
      "dependencies": {
        "@tsparticles/engine": "3.7.1"
      }
    },
    "node_modules/@tsparticles/updater-life": {
      "version": "3.7.1",
      "resolved": "https://registry.npmjs.org/@tsparticles/updater-life/-/updater-life-3.7.1.tgz",
      "integrity": "sha512-NY5gUrgO5AsARNC0usP9PKahXf7JCxbP/H1vzTfA0SJw4veANfWTldOvhIlcm2CHVP5P1b827p0hWsBHECwz7A==",
      "license": "MIT",
      "dependencies": {
        "@tsparticles/engine": "3.7.1"
      }
    },
    "node_modules/@tsparticles/updater-opacity": {
      "version": "3.7.1",
      "resolved": "https://registry.npmjs.org/@tsparticles/updater-opacity/-/updater-opacity-3.7.1.tgz",
      "integrity": "sha512-YcyviCooTv7SAKw7sxd84CfJqZ7dYPSdYZzCpedV6TKIObRiwLqXlyLXQGJ3YltghKQSCSolmVy8woWBCDm1qA==",
      "license": "MIT",
      "dependencies": {
        "@tsparticles/engine": "3.7.1"
      }
    },
    "node_modules/@tsparticles/updater-out-modes": {
      "version": "3.7.1",
      "resolved": "https://registry.npmjs.org/@tsparticles/updater-out-modes/-/updater-out-modes-3.7.1.tgz",
      "integrity": "sha512-Cb5sWquRtUYLSiFpmBjjYKRdpNV52diCo9+qMtK1oVlldDBhUwqO+1TQjdlaA2yl5DURlY9ZfOHXvY+IT7CHCw==",
      "license": "MIT",
      "dependencies": {
        "@tsparticles/engine": "3.7.1"
      }
    },
    "node_modules/@tsparticles/updater-rotate": {
      "version": "3.7.1",
      "resolved": "https://registry.npmjs.org/@tsparticles/updater-rotate/-/updater-rotate-3.7.1.tgz",
      "integrity": "sha512-toVHwl+h6SvtA8dyxSA2kMH2QdDA71vehuAa+HoRqf1y06h5kxyYiMKZFHCqDJ6lFfRPs47MjrC9dD2bDz14MQ==",
      "license": "MIT",
      "dependencies": {
        "@tsparticles/engine": "3.7.1"
      }
    },
    "node_modules/@tsparticles/updater-size": {
      "version": "3.7.1",
      "resolved": "https://registry.npmjs.org/@tsparticles/updater-size/-/updater-size-3.7.1.tgz",
      "integrity": "sha512-+Y0H0PnDJVIsJ+zHTyubYu1jtRFmVnY1dAv3VCjScIDw6bcpL/ol+HrtHTGIX0WbMyUfjCyALfAoaXi/Wm8VcQ==",
      "license": "MIT",
      "dependencies": {
        "@tsparticles/engine": "3.7.1"
      }
    },
    "node_modules/@tsparticles/updater-stroke-color": {
      "version": "3.7.1",
      "resolved": "https://registry.npmjs.org/@tsparticles/updater-stroke-color/-/updater-stroke-color-3.7.1.tgz",
      "integrity": "sha512-VHhQkCNuxjx/Hy7A+g0Yijb24T0+wQ3jNsF/yfrR9dEdZWSBiimZLvV1bilPdAeEtieAJTAZo2VNhcD1snF0iQ==",
      "license": "MIT",
      "dependencies": {
        "@tsparticles/engine": "3.7.1"
      }
    },
    "node_modules/@tsparticles/vue3": {
      "version": "3.0.1",
      "resolved": "https://registry.npmjs.org/@tsparticles/vue3/-/vue3-3.0.1.tgz",
      "integrity": "sha512-BxaSZ0wtxq33SDsrqLkLWoV88Jd5BnBoYjyVhKSNzOLOesCiG8Z5WQC1QZGTez79l/gBe0xaCDF0ng1e2iKJvA==",
      "funding": [
        {
          "type": "github",
          "url": "https://github.com/sponsors/matteobruni"
        },
        {
          "type": "github",
          "url": "https://github.com/sponsors/tsparticles"
        },
        {
          "type": "buymeacoffee",
          "url": "https://www.buymeacoffee.com/matteobruni"
        }
      ],
      "license": "MIT",
      "dependencies": {
        "@tsparticles/engine": "^3.0.3",
        "vue": "^3.3.13"
      }
    },
    "node_modules/@vue/compiler-core": {
      "version": "3.5.13",
      "resolved": "https://registry.npmjs.org/@vue/compiler-core/-/compiler-core-3.5.13.tgz",
      "integrity": "sha512-oOdAkwqUfW1WqpwSYJce06wvt6HljgY3fGeM9NcVA1HaYOij3mZG9Rkysn0OHuyUAGMbEbARIpsG+LPVlBJ5/Q==",
      "license": "MIT",
      "dependencies": {
        "@babel/parser": "^7.25.3",
        "@vue/shared": "3.5.13",
        "entities": "^4.5.0",
        "estree-walker": "^2.0.2",
        "source-map-js": "^1.2.0"
      }
    },
    "node_modules/@vue/compiler-dom": {
      "version": "3.5.13",
      "resolved": "https://registry.npmjs.org/@vue/compiler-dom/-/compiler-dom-3.5.13.tgz",
      "integrity": "sha512-ZOJ46sMOKUjO3e94wPdCzQ6P1Lx/vhp2RSvfaab88Ajexs0AHeV0uasYhi99WPaogmBlRHNRuly8xV75cNTMDA==",
      "license": "MIT",
      "dependencies": {
        "@vue/compiler-core": "3.5.13",
        "@vue/shared": "3.5.13"
      }
    },
    "node_modules/@vue/compiler-sfc": {
      "version": "3.5.13",
      "resolved": "https://registry.npmjs.org/@vue/compiler-sfc/-/compiler-sfc-3.5.13.tgz",
      "integrity": "sha512-6VdaljMpD82w6c2749Zhf5T9u5uLBWKnVue6XWxprDobftnletJ8+oel7sexFfM3qIxNmVE7LSFGTpv6obNyaQ==",
      "license": "MIT",
      "dependencies": {
        "@babel/parser": "^7.25.3",
        "@vue/compiler-core": "3.5.13",
        "@vue/compiler-dom": "3.5.13",
        "@vue/compiler-ssr": "3.5.13",
        "@vue/shared": "3.5.13",
        "estree-walker": "^2.0.2",
        "magic-string": "^0.30.11",
        "postcss": "^8.4.48",
        "source-map-js": "^1.2.0"
      }
    },
    "node_modules/@vue/compiler-ssr": {
      "version": "3.5.13",
      "resolved": "https://registry.npmjs.org/@vue/compiler-ssr/-/compiler-ssr-3.5.13.tgz",
      "integrity": "sha512-wMH6vrYHxQl/IybKJagqbquvxpWCuVYpoUJfCqFZwa/JY1GdATAQ+TgVtgrwwMZ0D07QhA99rs/EAAWfvG6KpA==",
      "license": "MIT",
      "dependencies": {
        "@vue/compiler-dom": "3.5.13",
        "@vue/shared": "3.5.13"
      }
    },
    "node_modules/@vue/reactivity": {
      "version": "3.5.13",
      "resolved": "https://registry.npmjs.org/@vue/reactivity/-/reactivity-3.5.13.tgz",
      "integrity": "sha512-NaCwtw8o48B9I6L1zl2p41OHo/2Z4wqYGGIK1Khu5T7yxrn+ATOixn/Udn2m+6kZKB/J7cuT9DbWWhRxqixACg==",
      "license": "MIT",
      "dependencies": {
        "@vue/shared": "3.5.13"
      }
    },
    "node_modules/@vue/runtime-core": {
      "version": "3.5.13",
      "resolved": "https://registry.npmjs.org/@vue/runtime-core/-/runtime-core-3.5.13.tgz",
      "integrity": "sha512-Fj4YRQ3Az0WTZw1sFe+QDb0aXCerigEpw418pw1HBUKFtnQHWzwojaukAs2X/c9DQz4MQ4bsXTGlcpGxU/RCIw==",
      "license": "MIT",
      "dependencies": {
        "@vue/reactivity": "3.5.13",
        "@vue/shared": "3.5.13"
      }
    },
    "node_modules/@vue/runtime-dom": {
      "version": "3.5.13",
      "resolved": "https://registry.npmjs.org/@vue/runtime-dom/-/runtime-dom-3.5.13.tgz",
      "integrity": "sha512-dLaj94s93NYLqjLiyFzVs9X6dWhTdAlEAciC3Moq7gzAc13VJUdCnjjRurNM6uTLFATRHexHCTu/Xp3eW6yoog==",
      "license": "MIT",
      "dependencies": {
        "@vue/reactivity": "3.5.13",
        "@vue/runtime-core": "3.5.13",
        "@vue/shared": "3.5.13",
        "csstype": "^3.1.3"
      }
    },
    "node_modules/@vue/server-renderer": {
      "version": "3.5.13",
      "resolved": "https://registry.npmjs.org/@vue/server-renderer/-/server-renderer-3.5.13.tgz",
      "integrity": "sha512-wAi4IRJV/2SAW3htkTlB+dHeRmpTiVIK1OGLWV1yeStVSebSQQOwGwIq0D3ZIoBj2C2qpgz5+vX9iEBkTdk5YA==",
      "license": "MIT",
      "dependencies": {
        "@vue/compiler-ssr": "3.5.13",
        "@vue/shared": "3.5.13"
      },
      "peerDependencies": {
        "vue": "3.5.13"
      }
    },
    "node_modules/@vue/shared": {
      "version": "3.5.13",
      "resolved": "https://registry.npmjs.org/@vue/shared/-/shared-3.5.13.tgz",
      "integrity": "sha512-/hnE/qP5ZoGpol0a5mDi45bOd7t3tjYJBjsgCsivow7D48cJeV5l05RD82lPqi7gRiphZM37rnhW1l6ZoCNNnQ==",
      "license": "MIT"
    },
    "node_modules/csstype": {
      "version": "3.1.3",
      "resolved": "https://registry.npmjs.org/csstype/-/csstype-3.1.3.tgz",
      "integrity": "sha512-M1uQkMl8rQK/szD0LNhtqxIPLpimGm8sOBwU7lLnCpSbTyY3yeU1Vc7l4KT5zT4s/yOxHH5O7tIuuLOCnLADRw==",
      "license": "MIT"
    },
    "node_modules/entities": {
      "version": "4.5.0",
      "resolved": "https://registry.npmjs.org/entities/-/entities-4.5.0.tgz",
      "integrity": "sha512-V0hjH4dGPh9Ao5p0MoRY6BVqtwCjhz6vI5LT8AJ55H+4g9/4vbHx1I54fS0XuclLhDHArPQCiMjDxjaL8fPxhw==",
      "license": "BSD-2-Clause",
      "engines": {
        "node": ">=0.12"
      },
      "funding": {
        "url": "https://github.com/fb55/entities?sponsor=1"
      }
    },
    "node_modules/estree-walker": {
      "version": "2.0.2",
      "resolved": "https://registry.npmjs.org/estree-walker/-/estree-walker-2.0.2.tgz",
      "integrity": "sha512-Rfkk/Mp/DL7JVje3u18FxFujQlTNR2q6QfMSMB7AvCBx91NGj/ba3kCfza0f6dVDbw7YlRf/nDrn7pQrCCyQ/w==",
      "license": "MIT"
    },
    "node_modules/magic-string": {
      "version": "0.30.17",
      "resolved": "https://registry.npmjs.org/magic-string/-/magic-string-0.30.17.tgz",
      "integrity": "sha512-sNPKHvyjVf7gyjwS4xGTaW/mCnF8wnjtifKBEhxfZ7E/S8tQ0rssrwGNn6q8JH/ohItJfSQp9mBtQYuTlH5QnA==",
      "license": "MIT",
      "dependencies": {
        "@jridgewell/sourcemap-codec": "^1.5.0"
      }
    },
    "node_modules/nanoid": {
      "version": "3.3.8",
      "resolved": "https://registry.npmjs.org/nanoid/-/nanoid-3.3.8.tgz",
      "integrity": "sha512-WNLf5Sd8oZxOm+TzppcYk8gVOgP+l58xNy58D0nbUnOxOWRWvlcCV4kUF7ltmI6PsrLl/BgKEyS4mqsGChFN0w==",
      "funding": [
        {
          "type": "github",
          "url": "https://github.com/sponsors/ai"
        }
      ],
      "license": "MIT",
      "bin": {
        "nanoid": "bin/nanoid.cjs"
      },
      "engines": {
        "node": "^10 || ^12 || ^13.7 || ^14 || >=15.0.1"
      }
    },
    "node_modules/picocolors": {
      "version": "1.1.1",
      "resolved": "https://registry.npmjs.org/picocolors/-/picocolors-1.1.1.tgz",
      "integrity": "sha512-xceH2snhtb5M9liqDsmEw56le376mTZkEX/jEb/RxNFyegNul7eNslCXP9FDj/Lcu0X8KEyMceP2ntpaHrDEVA==",
      "license": "ISC"
    },
    "node_modules/postcss": {
      "version": "8.5.1",
      "resolved": "https://registry.npmjs.org/postcss/-/postcss-8.5.1.tgz",
      "integrity": "sha512-6oz2beyjc5VMn/KV1pPw8fliQkhBXrVn1Z3TVyqZxU8kZpzEKhBdmCFqI6ZbmGtamQvQGuU1sgPTk8ZrXDD7jQ==",
      "funding": [
        {
          "type": "opencollective",
          "url": "https://opencollective.com/postcss/"
        },
        {
          "type": "tidelift",
          "url": "https://tidelift.com/funding/github/npm/postcss"
        },
        {
          "type": "github",
          "url": "https://github.com/sponsors/ai"
        }
      ],
      "license": "MIT",
      "dependencies": {
        "nanoid": "^3.3.8",
        "picocolors": "^1.1.1",
        "source-map-js": "^1.2.1"
      },
      "engines": {
        "node": "^10 || ^12 || >=14"
      }
    },
    "node_modules/source-map-js": {
      "version": "1.2.1",
      "resolved": "https://registry.npmjs.org/source-map-js/-/source-map-js-1.2.1.tgz",
      "integrity": "sha512-UXWMKhLOwVKb728IUtQPXxfYU+usdybtUrK/8uGE8CQMvrhOpwvzDBwj0QhSL7MQc7vIsISBG8VQ8+IDQxpfQA==",
      "license": "BSD-3-Clause",
      "engines": {
        "node": ">=0.10.0"
      }
    },
    "node_modules/vue": {
      "version": "3.5.13",
      "resolved": "https://registry.npmjs.org/vue/-/vue-3.5.13.tgz",
      "integrity": "sha512-wmeiSMxkZCSc+PM2w2VRsOYAZC8GdipNFRTsLSfodVqI9mbejKeXEGr8SckuLnrQPGe3oJN5c3K0vpoU9q/wCQ==",
      "license": "MIT",
      "dependencies": {
        "@vue/compiler-dom": "3.5.13",
        "@vue/compiler-sfc": "3.5.13",
        "@vue/runtime-dom": "3.5.13",
        "@vue/server-renderer": "3.5.13",
        "@vue/shared": "3.5.13"
      },
      "peerDependencies": {
        "typescript": "*"
      },
      "peerDependenciesMeta": {
        "typescript": {
          "optional": true
        }
      }
    }
  }
}
